
Microsoft Visual Studio Solution File, Format Version 12.00
# Visual Studio Version 17
VisualStudioVersion = 17.8.34330.188
MinimumVisualStudioVersion = 10.0.40219.1
Project("{9A19103F-16F7-4668-BE54-9A1E7A4F7556}") = "SavingPpm", "SavingPpm.csproj", "{7469407A-8A0F-4526-BE78-70CEC206FDAA}"
EndProject
Project("{FAE04EC0-301F-11D3-BF4B-00C04F79EFBC}") = "PixentLib", "..\PixentLib\PixentLib.csproj", "{5CAB1BCD-7C72-4D2C-AA2E-C7FCC35CBA1A}"
EndProject
Global
	GlobalSection(SolutionConfigurationPlatforms) = preSolution
		Debug|Any CPU = Debug|Any CPU
		Release|Any CPU = Release|Any CPU
	EndGlobalSection
	GlobalSection(ProjectConfigurationPlatforms) = postSolution
		{7469407A-8A0F-4526-BE78-70CEC206FDAA}.Debug|Any CPU.ActiveCfg = Debug|Any CPU
		{7469407A-8A0F-4526-BE78-70CEC206FDAA}.Debug|Any CPU.Build.0 = Debug|Any CPU
		{7469407A-8A0F-4526-BE78-70CEC206FDAA}.Release|Any CPU.ActiveCfg = Release|Any CPU
		{7469407A-8A0F-4526-BE78-70CEC206FDAA}.Release|Any CPU.Build.0 = Release|Any CPU
		{5CAB1BCD-7C72-4D2C-AA2E-C7FCC35CBA1A}.Debug|Any CPU.ActiveCfg = Debug|Any CPU
		{5CAB1BCD-7C72-4D2C-AA2E-C7FCC35CBA1A}.Debug|Any CPU.Build.0 = Debug|Any CPU
		{5CAB1BCD-7C72-4D2C-AA2E-C7FCC35CBA1A}.Release|Any CPU.ActiveCfg = Release|Any CPU
		{5CAB1BCD-7C72-4D2C-AA2E-C7FCC35CBA1A}.Release|Any CPU.Build.0 = Release|Any CPU
	EndGlobalSection
	GlobalSection(SolutionProperties) = preSolution
		HideSolutionNode = FALSE
	EndGlobalSection
	GlobalSection(ExtensibilityGlobals) = postSolution
		SolutionGuid = {51053F84-90A6-4370-8808-CEB3BF4D9D1C}
	EndGlobalSection
EndGlobal
